
Microsoft Visual Studio Solution File, Format Version 11.00
# Visual Studio 2010
Project("{FAE04EC0-301F-11D3-BF4B-00C04F79EFBC}") = "XNA_Library", "XNA_Library.csproj", "{309D2622-470D-4ABB-8B64-6460C06551AC}"
EndProject
Global
	GlobalSection(SolutionConfigurationPlatforms) = preSolution
		Debug|x86 = Debug|x86
		Release|x86 = Release|x86
	EndGlobalSection
	GlobalSection(ProjectConfigurationPlatforms) = postSolution
		{309D2622-470D-4ABB-8B64-6460C06551AC}.Debug|x86.ActiveCfg = Debug|x86
		{309D2622-470D-4ABB-8B64-6460C06551AC}.Debug|x86.Build.0 = Debug|x86
		{309D2622-470D-4ABB-8B64-6460C06551AC}.Release|x86.ActiveCfg = Release|x86
		{309D2622-470D-4ABB-8B64-6460C06551AC}.Release|x86.Build.0 = Release|x86
	EndGlobalSection
	GlobalSection(SolutionProperties) = preSolution
		HideSolutionNode = FALSE
	EndGlobalSection
EndGlobal
